
Microsoft Visual Studio Solution File, Format Version 12.00
# Visual Studio Version 16
VisualStudioVersion = 16.0.29926.136
MinimumVisualStudioVersion = 10.0.40219.1
Project("{2150E333-8FDC-42A3-9474-1A3956D46DE8}") = "Shared", "Shared", "{2EC8A2FC-36FB-4BB2-A70C-F888B7654F0E}"
EndProject
Project("{2150E333-8FDC-42A3-9474-1A3956D46DE8}") = "Account", "Account", "{8410E23E-AC12-49CE-B476-9A71B3748E35}"
EndProject
Project("{2150E333-8FDC-42A3-9474-1A3956D46DE8}") = "Game", "Game", "{DDAD0E72-9B9B-43FB-BBAF-2A15F936B5E9}"
EndProject
Project("{2150E333-8FDC-42A3-9474-1A3956D46DE8}") = "Order", "Order", "{1EE70BB4-A353-49A1-9076-1F2860BA3499}"
EndProject
Project("{2150E333-8FDC-42A3-9474-1A3956D46DE8}") = "Payment", "Payment", "{EEBCB8FD-3AEE-488B-B0CA-6EF3525D67EC}"
EndProject
Project("{2150E333-8FDC-42A3-9474-1A3956D46DE8}") = "Rate", "Rate", "{ED647BB2-D649-406E-AAD1-654F70C00B93}"
EndProject
Project("{9A19103F-16F7-4668-BE54-9A1E7A4F7556}") = "GSP.Account.Domain", "Account\GSP.Account.Domain\GSP.Account.Domain.csproj", "{CED96E0A-AB2C-4740-9D04-EB5AD0A6D84C}"
EndProject
Project("{9A19103F-16F7-4668-BE54-9A1E7A4F7556}") = "GSP.Shared.Utils", "Shared\GSP.Shared.Utils\GSP.Shared.Utils.csproj", "{26C69179-2346-444D-B91A-4F86A70107EB}"
EndProject
Project("{9A19103F-16F7-4668-BE54-9A1E7A4F7556}") = "GSP.Account.Application", "Account\GSP.Account.Application\GSP.Account.Application.csproj", "{D2378F1A-253D-43ED-9414-778A38F3E66C}"
EndProject
Project("{9A19103F-16F7-4668-BE54-9A1E7A4F7556}") = "GSP.Account.Data", "GSP.Account.Data\GSP.Account.Data.csproj", "{51829F26-BAC3-4DA4-808C-37CD9149622E}"
EndProject
Project("{9A19103F-16F7-4668-BE54-9A1E7A4F7556}") = "GSP.Account.WebApi", "Account\GSP.Account.WebApi\GSP.Account.WebApi.csproj", "{E03E6ABA-9295-4517-B796-76F0073600BD}"
EndProject
Project("{9A19103F-16F7-4668-BE54-9A1E7A4F7556}") = "GSP.Account.Data.Migrations", "Account\GSP.Account.Data.Migrations\GSP.Account.Data.Migrations.csproj", "{3B772B30-6E67-4350-A1EB-DBF83D0FE538}"
EndProject
Project("{9A19103F-16F7-4668-BE54-9A1E7A4F7556}") = "GSP.Account.Initialization", "Account\GSP.Account.Initialization\GSP.Account.Initialization.csproj", "{EACAE274-B804-4A55-9171-A41D90DC4014}"
EndProject
Project("{9A19103F-16F7-4668-BE54-9A1E7A4F7556}") = "GSP.Game.Domain", "Game\GSP.Game.Domain\GSP.Game.Domain.csproj", "{E878CEDA-06C7-4ABB-BE6A-10DF244BE8E3}"
EndProject
Project("{9A19103F-16F7-4668-BE54-9A1E7A4F7556}") = "GSP.Game.Data", "Game\GSP.Game.Data\GSP.Game.Data.csproj", "{D11C9877-967D-4FD7-B5B7-37CEB17BB84B}"
EndProject
Project("{9A19103F-16F7-4668-BE54-9A1E7A4F7556}") = "GSP.Game.Data.Migrations", "Game\GSP.Game.Data.Migrations\GSP.Game.Data.Migrations.csproj", "{3266993A-719D-4B21-91B6-0A0F8DDD4A4A}"
EndProject
Project("{9A19103F-16F7-4668-BE54-9A1E7A4F7556}") = "GSP.Game.Initialization", "Game\GSP.Game.Initialization\GSP.Game.Initialization.csproj", "{79F86422-9894-416B-A0C4-4543F34A9D91}"
EndProject
Project("{9A19103F-16F7-4668-BE54-9A1E7A4F7556}") = "GSP.Game.Application", "Game\GSP.Game.Application\GSP.Game.Application.csproj", "{8814A03B-94AD-4151-A326-FE10BCBF80A2}"
EndProject
Project("{9A19103F-16F7-4668-BE54-9A1E7A4F7556}") = "GSP.Game.WebApi", "Game\GSP.Game.WebApi\GSP.Game.WebApi.csproj", "{C5ED3130-286A-4305-B023-2856DB3CB736}"
EndProject
Project("{9A19103F-16F7-4668-BE54-9A1E7A4F7556}") = "GSP.Game.Worker", "Game\GSP.Game.Worker\GSP.Game.Worker.csproj", "{9A80AE5A-F1E3-4020-B4E0-7CFD2B5ADAAE}"
EndProject
Project("{FAE04EC0-301F-11D3-BF4B-00C04F79EFBC}") = "GSP.Rate.Domain", "Rate\GSP.Rate.Domain\GSP.Rate.Domain.csproj", "{6E5E58EB-D471-42FD-9EB2-7CE316651D7F}"
EndProject
Project("{FAE04EC0-301F-11D3-BF4B-00C04F79EFBC}") = "GSP.Rate.Data", "Rate\GSP.Rate.Data\GSP.Rate.Data.csproj", "{A52FA0CE-3DFF-4EAC-A3F4-CC301E1A3223}"
EndProject
Project("{FAE04EC0-301F-11D3-BF4B-00C04F79EFBC}") = "GSP.Rate.Data.Migrations", "Rate\GSP.Rate.Data.Migrations\GSP.Rate.Data.Migrations.csproj", "{43960C37-54B1-4A51-8394-8C571DBBF712}"
EndProject
Project("{FAE04EC0-301F-11D3-BF4B-00C04F79EFBC}") = "GSP.Rate.Initialization", "Rate\GSP.Rate.Initialization\GSP.Rate.Initialization.csproj", "{FA2D5BC8-3629-425A-AF4E-3C30B0C0C615}"
EndProject
Project("{FAE04EC0-301F-11D3-BF4B-00C04F79EFBC}") = "GSP.Rate.Application", "Rate\GSP.Rate.Application\GSP.Rate.Application.csproj", "{C39F5A84-E366-44D6-93B8-8ABE18731880}"
EndProject
Project("{FAE04EC0-301F-11D3-BF4B-00C04F79EFBC}") = "GSP.Rate.WebApi", "Rate\GSP.Rate.WebApi\GSP.Rate.WebApi.csproj", "{A7A47368-BE6D-4212-ABBA-6CDCEF1FEDB4}"
EndProject
Project("{9A19103F-16F7-4668-BE54-9A1E7A4F7556}") = "GSP.Rate.Worker", "Rate\GSP.Rate.Worker\GSP.Rate.Worker.csproj", "{F35A254A-7A44-468D-8F48-E9F55771DC09}"
EndProject
Project("{FAE04EC0-301F-11D3-BF4B-00C04F79EFBC}") = "GSP.Order.Domain", "Order\GSP.Order.Domain\GSP.Order.Domain.csproj", "{04771302-03FE-4F96-8E44-D90A54881A03}"
EndProject
Project("{FAE04EC0-301F-11D3-BF4B-00C04F79EFBC}") = "GSP.Order.Data", "Order\GSP.Order.Data\GSP.Order.Data.csproj", "{25357E3A-6479-47FA-A73F-E62D61A29418}"
EndProject
Project("{FAE04EC0-301F-11D3-BF4B-00C04F79EFBC}") = "GSP.Order.Data.Migrations", "Order\GSP.Order.Data.Migrations\GSP.Order.Data.Migrations.csproj", "{248CB4AE-AB37-41DC-AB61-133C0CEC23DC}"
EndProject
Project("{FAE04EC0-301F-11D3-BF4B-00C04F79EFBC}") = "GSP.Order.Initialization", "Order\GSP.Order.Initialization\GSP.Order.Initialization.csproj", "{AB2D2EAC-8043-484C-BA6C-BB22A78EE2C8}"
EndProject
Project("{FAE04EC0-301F-11D3-BF4B-00C04F79EFBC}") = "GSP.Order.Application", "Order\GSP.Order.Application\GSP.Order.Application.csproj", "{8093E2DE-348A-441D-9E01-7BB19F45E992}"
EndProject
Global
	GlobalSection(SolutionConfigurationPlatforms) = preSolution
		Debug|Any CPU = Debug|Any CPU
		Release|Any CPU = Release|Any CPU
	EndGlobalSection
	GlobalSection(ProjectConfigurationPlatforms) = postSolution
		{CED96E0A-AB2C-4740-9D04-EB5AD0A6D84C}.Debug|Any CPU.ActiveCfg = Debug|Any CPU
		{CED96E0A-AB2C-4740-9D04-EB5AD0A6D84C}.Debug|Any CPU.Build.0 = Debug|Any CPU
		{CED96E0A-AB2C-4740-9D04-EB5AD0A6D84C}.Release|Any CPU.ActiveCfg = Release|Any CPU
		{CED96E0A-AB2C-4740-9D04-EB5AD0A6D84C}.Release|Any CPU.Build.0 = Release|Any CPU
		{26C69179-2346-444D-B91A-4F86A70107EB}.Debug|Any CPU.ActiveCfg = Debug|Any CPU
		{26C69179-2346-444D-B91A-4F86A70107EB}.Debug|Any CPU.Build.0 = Debug|Any CPU
		{26C69179-2346-444D-B91A-4F86A70107EB}.Release|Any CPU.ActiveCfg = Release|Any CPU
		{26C69179-2346-444D-B91A-4F86A70107EB}.Release|Any CPU.Build.0 = Release|Any CPU
		{D2378F1A-253D-43ED-9414-778A38F3E66C}.Debug|Any CPU.ActiveCfg = Debug|Any CPU
		{D2378F1A-253D-43ED-9414-778A38F3E66C}.Debug|Any CPU.Build.0 = Debug|Any CPU
		{D2378F1A-253D-43ED-9414-778A38F3E66C}.Release|Any CPU.ActiveCfg = Release|Any CPU
		{D2378F1A-253D-43ED-9414-778A38F3E66C}.Release|Any CPU.Build.0 = Release|Any CPU
		{51829F26-BAC3-4DA4-808C-37CD9149622E}.Debug|Any CPU.ActiveCfg = Debug|Any CPU
		{51829F26-BAC3-4DA4-808C-37CD9149622E}.Debug|Any CPU.Build.0 = Debug|Any CPU
		{51829F26-BAC3-4DA4-808C-37CD9149622E}.Release|Any CPU.ActiveCfg = Release|Any CPU
		{51829F26-BAC3-4DA4-808C-37CD9149622E}.Release|Any CPU.Build.0 = Release|Any CPU
		{E03E6ABA-9295-4517-B796-76F0073600BD}.Debug|Any CPU.ActiveCfg = Debug|Any CPU
		{E03E6ABA-9295-4517-B796-76F0073600BD}.Debug|Any CPU.Build.0 = Debug|Any CPU
		{E03E6ABA-9295-4517-B796-76F0073600BD}.Release|Any CPU.ActiveCfg = Release|Any CPU
		{E03E6ABA-9295-4517-B796-76F0073600BD}.Release|Any CPU.Build.0 = Release|Any CPU
		{3B772B30-6E67-4350-A1EB-DBF83D0FE538}.Debug|Any CPU.ActiveCfg = Debug|Any CPU
		{3B772B30-6E67-4350-A1EB-DBF83D0FE538}.Debug|Any CPU.Build.0 = Debug|Any CPU
		{3B772B30-6E67-4350-A1EB-DBF83D0FE538}.Release|Any CPU.ActiveCfg = Release|Any CPU
		{3B772B30-6E67-4350-A1EB-DBF83D0FE538}.Release|Any CPU.Build.0 = Release|Any CPU
		{EACAE274-B804-4A55-9171-A41D90DC4014}.Debug|Any CPU.ActiveCfg = Debug|Any CPU
		{EACAE274-B804-4A55-9171-A41D90DC4014}.Debug|Any CPU.Build.0 = Debug|Any CPU
		{EACAE274-B804-4A55-9171-A41D90DC4014}.Release|Any CPU.ActiveCfg = Release|Any CPU
		{EACAE274-B804-4A55-9171-A41D90DC4014}.Release|Any CPU.Build.0 = Release|Any CPU
		{E878CEDA-06C7-4ABB-BE6A-10DF244BE8E3}.Debug|Any CPU.ActiveCfg = Debug|Any CPU
		{E878CEDA-06C7-4ABB-BE6A-10DF244BE8E3}.Debug|Any CPU.Build.0 = Debug|Any CPU
		{E878CEDA-06C7-4ABB-BE6A-10DF244BE8E3}.Release|Any CPU.ActiveCfg = Release|Any CPU
		{E878CEDA-06C7-4ABB-BE6A-10DF244BE8E3}.Release|Any CPU.Build.0 = Release|Any CPU
		{D11C9877-967D-4FD7-B5B7-37CEB17BB84B}.Debug|Any CPU.ActiveCfg = Debug|Any CPU
		{D11C9877-967D-4FD7-B5B7-37CEB17BB84B}.Debug|Any CPU.Build.0 = Debug|Any CPU
		{D11C9877-967D-4FD7-B5B7-37CEB17BB84B}.Release|Any CPU.ActiveCfg = Release|Any CPU
		{D11C9877-967D-4FD7-B5B7-37CEB17BB84B}.Release|Any CPU.Build.0 = Release|Any CPU
		{3266993A-719D-4B21-91B6-0A0F8DDD4A4A}.Debug|Any CPU.ActiveCfg = Debug|Any CPU
		{3266993A-719D-4B21-91B6-0A0F8DDD4A4A}.Debug|Any CPU.Build.0 = Debug|Any CPU
		{3266993A-719D-4B21-91B6-0A0F8DDD4A4A}.Release|Any CPU.ActiveCfg = Release|Any CPU
		{3266993A-719D-4B21-91B6-0A0F8DDD4A4A}.Release|Any CPU.Build.0 = Release|Any CPU
		{79F86422-9894-416B-A0C4-4543F34A9D91}.Debug|Any CPU.ActiveCfg = Debug|Any CPU
		{79F86422-9894-416B-A0C4-4543F34A9D91}.Debug|Any CPU.Build.0 = Debug|Any CPU
		{79F86422-9894-416B-A0C4-4543F34A9D91}.Release|Any CPU.ActiveCfg = Release|Any CPU
		{79F86422-9894-416B-A0C4-4543F34A9D91}.Release|Any CPU.Build.0 = Release|Any CPU
		{8814A03B-94AD-4151-A326-FE10BCBF80A2}.Debug|Any CPU.ActiveCfg = Debug|Any CPU
		{8814A03B-94AD-4151-A326-FE10BCBF80A2}.Debug|Any CPU.Build.0 = Debug|Any CPU
		{8814A03B-94AD-4151-A326-FE10BCBF80A2}.Release|Any CPU.ActiveCfg = Release|Any CPU
		{8814A03B-94AD-4151-A326-FE10BCBF80A2}.Release|Any CPU.Build.0 = Release|Any CPU
		{C5ED3130-286A-4305-B023-2856DB3CB736}.Debug|Any CPU.ActiveCfg = Debug|Any CPU
		{C5ED3130-286A-4305-B023-2856DB3CB736}.Debug|Any CPU.Build.0 = Debug|Any CPU
		{C5ED3130-286A-4305-B023-2856DB3CB736}.Release|Any CPU.ActiveCfg = Release|Any CPU
		{C5ED3130-286A-4305-B023-2856DB3CB736}.Release|Any CPU.Build.0 = Release|Any CPU
		{9A80AE5A-F1E3-4020-B4E0-7CFD2B5ADAAE}.Debug|Any CPU.ActiveCfg = Debug|Any CPU
		{9A80AE5A-F1E3-4020-B4E0-7CFD2B5ADAAE}.Debug|Any CPU.Build.0 = Debug|Any CPU
		{9A80AE5A-F1E3-4020-B4E0-7CFD2B5ADAAE}.Release|Any CPU.ActiveCfg = Release|Any CPU
		{9A80AE5A-F1E3-4020-B4E0-7CFD2B5ADAAE}.Release|Any CPU.Build.0 = Release|Any CPU
		{6E5E58EB-D471-42FD-9EB2-7CE316651D7F}.Debug|Any CPU.ActiveCfg = Debug|Any CPU
		{6E5E58EB-D471-42FD-9EB2-7CE316651D7F}.Debug|Any CPU.Build.0 = Debug|Any CPU
		{6E5E58EB-D471-42FD-9EB2-7CE316651D7F}.Release|Any CPU.ActiveCfg = Release|Any CPU
		{6E5E58EB-D471-42FD-9EB2-7CE316651D7F}.Release|Any CPU.Build.0 = Release|Any CPU
		{A52FA0CE-3DFF-4EAC-A3F4-CC301E1A3223}.Debug|Any CPU.ActiveCfg = Debug|Any CPU
		{A52FA0CE-3DFF-4EAC-A3F4-CC301E1A3223}.Debug|Any CPU.Build.0 = Debug|Any CPU
		{A52FA0CE-3DFF-4EAC-A3F4-CC301E1A3223}.Release|Any CPU.ActiveCfg = Release|Any CPU
		{A52FA0CE-3DFF-4EAC-A3F4-CC301E1A3223}.Release|Any CPU.Build.0 = Release|Any CPU
		{43960C37-54B1-4A51-8394-8C571DBBF712}.Debug|Any CPU.ActiveCfg = Debug|Any CPU
		{43960C37-54B1-4A51-8394-8C571DBBF712}.Debug|Any CPU.Build.0 = Debug|Any CPU
		{43960C37-54B1-4A51-8394-8C571DBBF712}.Release|Any CPU.ActiveCfg = Release|Any CPU
		{43960C37-54B1-4A51-8394-8C571DBBF712}.Release|Any CPU.Build.0 = Release|Any CPU
		{FA2D5BC8-3629-425A-AF4E-3C30B0C0C615}.Debug|Any CPU.ActiveCfg = Debug|Any CPU
		{FA2D5BC8-3629-425A-AF4E-3C30B0C0C615}.Debug|Any CPU.Build.0 = Debug|Any CPU
		{FA2D5BC8-3629-425A-AF4E-3C30B0C0C615}.Release|Any CPU.ActiveCfg = Release|Any CPU
		{FA2D5BC8-3629-425A-AF4E-3C30B0C0C615}.Release|Any CPU.Build.0 = Release|Any CPU
		{C39F5A84-E366-44D6-93B8-8ABE18731880}.Debug|Any CPU.ActiveCfg = Debug|Any CPU
		{C39F5A84-E366-44D6-93B8-8ABE18731880}.Debug|Any CPU.Build.0 = Debug|Any CPU
		{C39F5A84-E366-44D6-93B8-8ABE18731880}.Release|Any CPU.ActiveCfg = Release|Any CPU
		{C39F5A84-E366-44D6-93B8-8ABE18731880}.Release|Any CPU.Build.0 = Release|Any CPU
		{A7A47368-BE6D-4212-ABBA-6CDCEF1FEDB4}.Debug|Any CPU.ActiveCfg = Debug|Any CPU
		{A7A47368-BE6D-4212-ABBA-6CDCEF1FEDB4}.Debug|Any CPU.Build.0 = Debug|Any CPU
		{A7A47368-BE6D-4212-ABBA-6CDCEF1FEDB4}.Release|Any CPU.ActiveCfg = Release|Any CPU
		{A7A47368-BE6D-4212-ABBA-6CDCEF1FEDB4}.Release|Any CPU.Build.0 = Release|Any CPU
		{F35A254A-7A44-468D-8F48-E9F55771DC09}.Debug|Any CPU.ActiveCfg = Debug|Any CPU
		{F35A254A-7A44-468D-8F48-E9F55771DC09}.Debug|Any CPU.Build.0 = Debug|Any CPU
		{F35A254A-7A44-468D-8F48-E9F55771DC09}.Release|Any CPU.ActiveCfg = Release|Any CPU
		{F35A254A-7A44-468D-8F48-E9F55771DC09}.Release|Any CPU.Build.0 = Release|Any CPU
		{04771302-03FE-4F96-8E44-D90A54881A03}.Debug|Any CPU.ActiveCfg = Debug|Any CPU
		{04771302-03FE-4F96-8E44-D90A54881A03}.Debug|Any CPU.Build.0 = Debug|Any CPU
		{04771302-03FE-4F96-8E44-D90A54881A03}.Release|Any CPU.ActiveCfg = Release|Any CPU
		{04771302-03FE-4F96-8E44-D90A54881A03}.Release|Any CPU.Build.0 = Release|Any CPU
		{25357E3A-6479-47FA-A73F-E62D61A29418}.Debug|Any CPU.ActiveCfg = Debug|Any CPU
		{25357E3A-6479-47FA-A73F-E62D61A29418}.Debug|Any CPU.Build.0 = Debug|Any CPU
		{25357E3A-6479-47FA-A73F-E62D61A29418}.Release|Any CPU.ActiveCfg = Release|Any CPU
		{25357E3A-6479-47FA-A73F-E62D61A29418}.Release|Any CPU.Build.0 = Release|Any CPU
		{248CB4AE-AB37-41DC-AB61-133C0CEC23DC}.Debug|Any CPU.ActiveCfg = Debug|Any CPU
		{248CB4AE-AB37-41DC-AB61-133C0CEC23DC}.Debug|Any CPU.Build.0 = Debug|Any CPU
		{248CB4AE-AB37-41DC-AB61-133C0CEC23DC}.Release|Any CPU.ActiveCfg = Release|Any CPU
		{248CB4AE-AB37-41DC-AB61-133C0CEC23DC}.Release|Any CPU.Build.0 = Release|Any CPU
		{AB2D2EAC-8043-484C-BA6C-BB22A78EE2C8}.Debug|Any CPU.ActiveCfg = Debug|Any CPU
		{AB2D2EAC-8043-484C-BA6C-BB22A78EE2C8}.Debug|Any CPU.Build.0 = Debug|Any CPU
		{AB2D2EAC-8043-484C-BA6C-BB22A78EE2C8}.Release|Any CPU.ActiveCfg = Release|Any CPU
		{AB2D2EAC-8043-484C-BA6C-BB22A78EE2C8}.Release|Any CPU.Build.0 = Release|Any CPU
		{8093E2DE-348A-441D-9E01-7BB19F45E992}.Debug|Any CPU.ActiveCfg = Debug|Any CPU
		{8093E2DE-348A-441D-9E01-7BB19F45E992}.Debug|Any CPU.Build.0 = Debug|Any CPU
		{8093E2DE-348A-441D-9E01-7BB19F45E992}.Release|Any CPU.ActiveCfg = Release|Any CPU
		{8093E2DE-348A-441D-9E01-7BB19F45E992}.Release|Any CPU.Build.0 = Release|Any CPU
	EndGlobalSection
	GlobalSection(SolutionProperties) = preSolution
		HideSolutionNode = FALSE
	EndGlobalSection
	GlobalSection(NestedProjects) = preSolution
		{CED96E0A-AB2C-4740-9D04-EB5AD0A6D84C} = {8410E23E-AC12-49CE-B476-9A71B3748E35}
		{26C69179-2346-444D-B91A-4F86A70107EB} = {2EC8A2FC-36FB-4BB2-A70C-F888B7654F0E}
		{D2378F1A-253D-43ED-9414-778A38F3E66C} = {8410E23E-AC12-49CE-B476-9A71B3748E35}
		{51829F26-BAC3-4DA4-808C-37CD9149622E} = {8410E23E-AC12-49CE-B476-9A71B3748E35}
		{E03E6ABA-9295-4517-B796-76F0073600BD} = {8410E23E-AC12-49CE-B476-9A71B3748E35}
		{3B772B30-6E67-4350-A1EB-DBF83D0FE538} = {8410E23E-AC12-49CE-B476-9A71B3748E35}
		{EACAE274-B804-4A55-9171-A41D90DC4014} = {8410E23E-AC12-49CE-B476-9A71B3748E35}
		{E878CEDA-06C7-4ABB-BE6A-10DF244BE8E3} = {DDAD0E72-9B9B-43FB-BBAF-2A15F936B5E9}
		{D11C9877-967D-4FD7-B5B7-37CEB17BB84B} = {DDAD0E72-9B9B-43FB-BBAF-2A15F936B5E9}
		{3266993A-719D-4B21-91B6-0A0F8DDD4A4A} = {DDAD0E72-9B9B-43FB-BBAF-2A15F936B5E9}
		{79F86422-9894-416B-A0C4-4543F34A9D91} = {DDAD0E72-9B9B-43FB-BBAF-2A15F936B5E9}
		{8814A03B-94AD-4151-A326-FE10BCBF80A2} = {DDAD0E72-9B9B-43FB-BBAF-2A15F936B5E9}
		{C5ED3130-286A-4305-B023-2856DB3CB736} = {DDAD0E72-9B9B-43FB-BBAF-2A15F936B5E9}
		{9A80AE5A-F1E3-4020-B4E0-7CFD2B5ADAAE} = {DDAD0E72-9B9B-43FB-BBAF-2A15F936B5E9}
		{6E5E58EB-D471-42FD-9EB2-7CE316651D7F} = {ED647BB2-D649-406E-AAD1-654F70C00B93}
		{A52FA0CE-3DFF-4EAC-A3F4-CC301E1A3223} = {ED647BB2-D649-406E-AAD1-654F70C00B93}
		{43960C37-54B1-4A51-8394-8C571DBBF712} = {ED647BB2-D649-406E-AAD1-654F70C00B93}
		{FA2D5BC8-3629-425A-AF4E-3C30B0C0C615} = {ED647BB2-D649-406E-AAD1-654F70C00B93}
		{C39F5A84-E366-44D6-93B8-8ABE18731880} = {ED647BB2-D649-406E-AAD1-654F70C00B93}
		{A7A47368-BE6D-4212-ABBA-6CDCEF1FEDB4} = {ED647BB2-D649-406E-AAD1-654F70C00B93}
		{F35A254A-7A44-468D-8F48-E9F55771DC09} = {ED647BB2-D649-406E-AAD1-654F70C00B93}
		{04771302-03FE-4F96-8E44-D90A54881A03} = {1EE70BB4-A353-49A1-9076-1F2860BA3499}
		{25357E3A-6479-47FA-A73F-E62D61A29418} = {1EE70BB4-A353-49A1-9076-1F2860BA3499}
		{248CB4AE-AB37-41DC-AB61-133C0CEC23DC} = {1EE70BB4-A353-49A1-9076-1F2860BA3499}
		{AB2D2EAC-8043-484C-BA6C-BB22A78EE2C8} = {1EE70BB4-A353-49A1-9076-1F2860BA3499}
		{8093E2DE-348A-441D-9E01-7BB19F45E992} = {1EE70BB4-A353-49A1-9076-1F2860BA3499}
	EndGlobalSection
	GlobalSection(ExtensibilityGlobals) = postSolution
		SolutionGuid = {FCC9668D-874B-4D52-815D-104F84A56948}
	EndGlobalSection
EndGlobal
