
Microsoft Visual Studio Solution File, Format Version 12.00
# Visual Studio Version 16
VisualStudioVersion = 16.0.29926.136
MinimumVisualStudioVersion = 10.0.40219.1
Project("{9A19103F-16F7-4668-BE54-9A1E7A4F7556}") = "GSP.Template.Domain", "GSP.Template.Domain\GSP.Template.Domain.csproj", "{F8B0F44B-AEA6-4124-92BA-1F9E3755263D}"
EndProject
Project("{9A19103F-16F7-4668-BE54-9A1E7A4F7556}") = "GSP.Template.Data", "GSP.Template.Data\GSP.Template.Data.csproj", "{806F66F1-E77D-4317-B8F0-691A7CB481D3}"
EndProject
Project("{9A19103F-16F7-4668-BE54-9A1E7A4F7556}") = "GSP.Template.Data.Migrations", "GSP.Template.Data.Migrations\GSP.Template.Data.Migrations.csproj", "{14CF49F8-864F-4C18-BD38-97AEC360B2E0}"
EndProject
Project("{9A19103F-16F7-4668-BE54-9A1E7A4F7556}") = "GSP.Template.Application", "GSP.Template.Application\GSP.Template.Application.csproj", "{B19C260E-F44C-41BC-8555-9A5FF56E5C4F}"
EndProject
Project("{9A19103F-16F7-4668-BE54-9A1E7A4F7556}") = "GSP.Template.Initialization", "GSP.Template.Initialization\GSP.Template.Initialization.csproj", "{BF78E4C6-E7C8-4DD5-B0C8-CDB308627D31}"
EndProject
Project("{9A19103F-16F7-4668-BE54-9A1E7A4F7556}") = "GSP.Template.WebApi", "GSP.Template.WebApi\GSP.Template.WebApi.csproj", "{E8489996-C1C8-4657-B8FB-826D60959215}"
EndProject
Project("{9A19103F-16F7-4668-BE54-9A1E7A4F7556}") = "GSP.Template.BackgroundWorker", "GSP.Template.BackgroundWorker\GSP.Template.BackgroundWorker.csproj", "{1FD773BB-D215-466E-871F-00A6E283F5A8}"
EndProject
Project("{2150E333-8FDC-42A3-9474-1A3956D46DE8}") = "src", "src", "{CB539D1C-D1E1-40BC-8A7F-51ABA0C26B20}"
EndProject
Project("{2150E333-8FDC-42A3-9474-1A3956D46DE8}") = "Wizards", "Wizards", "{641DB782-DFEB-47C4-A2B2-2439583BC681}"
EndProject
Project("{FAE04EC0-301F-11D3-BF4B-00C04F79EFBC}") = "GSP.Template.Wizard", "Wizards\GSP.Template.Wizard\GSP.Template.Wizard.csproj", "{CD43A428-F67E-4F2E-90D4-F8DF6D7847A5}"
EndProject
Global
	GlobalSection(SolutionConfigurationPlatforms) = preSolution
		Debug|Any CPU = Debug|Any CPU
		Release|Any CPU = Release|Any CPU
	EndGlobalSection
	GlobalSection(ProjectConfigurationPlatforms) = postSolution
		{F8B0F44B-AEA6-4124-92BA-1F9E3755263D}.Debug|Any CPU.ActiveCfg = Debug|Any CPU
		{F8B0F44B-AEA6-4124-92BA-1F9E3755263D}.Debug|Any CPU.Build.0 = Debug|Any CPU
		{F8B0F44B-AEA6-4124-92BA-1F9E3755263D}.Release|Any CPU.ActiveCfg = Release|Any CPU
		{F8B0F44B-AEA6-4124-92BA-1F9E3755263D}.Release|Any CPU.Build.0 = Release|Any CPU
		{806F66F1-E77D-4317-B8F0-691A7CB481D3}.Debug|Any CPU.ActiveCfg = Debug|Any CPU
		{806F66F1-E77D-4317-B8F0-691A7CB481D3}.Debug|Any CPU.Build.0 = Debug|Any CPU
		{806F66F1-E77D-4317-B8F0-691A7CB481D3}.Release|Any CPU.ActiveCfg = Release|Any CPU
		{806F66F1-E77D-4317-B8F0-691A7CB481D3}.Release|Any CPU.Build.0 = Release|Any CPU
		{14CF49F8-864F-4C18-BD38-97AEC360B2E0}.Debug|Any CPU.ActiveCfg = Debug|Any CPU
		{14CF49F8-864F-4C18-BD38-97AEC360B2E0}.Debug|Any CPU.Build.0 = Debug|Any CPU
		{14CF49F8-864F-4C18-BD38-97AEC360B2E0}.Release|Any CPU.ActiveCfg = Release|Any CPU
		{14CF49F8-864F-4C18-BD38-97AEC360B2E0}.Release|Any CPU.Build.0 = Release|Any CPU
		{B19C260E-F44C-41BC-8555-9A5FF56E5C4F}.Debug|Any CPU.ActiveCfg = Debug|Any CPU
		{B19C260E-F44C-41BC-8555-9A5FF56E5C4F}.Debug|Any CPU.Build.0 = Debug|Any CPU
		{B19C260E-F44C-41BC-8555-9A5FF56E5C4F}.Release|Any CPU.ActiveCfg = Release|Any CPU
		{B19C260E-F44C-41BC-8555-9A5FF56E5C4F}.Release|Any CPU.Build.0 = Release|Any CPU
		{BF78E4C6-E7C8-4DD5-B0C8-CDB308627D31}.Debug|Any CPU.ActiveCfg = Debug|Any CPU
		{BF78E4C6-E7C8-4DD5-B0C8-CDB308627D31}.Debug|Any CPU.Build.0 = Debug|Any CPU
		{BF78E4C6-E7C8-4DD5-B0C8-CDB308627D31}.Release|Any CPU.ActiveCfg = Release|Any CPU
		{BF78E4C6-E7C8-4DD5-B0C8-CDB308627D31}.Release|Any CPU.Build.0 = Release|Any CPU
		{E8489996-C1C8-4657-B8FB-826D60959215}.Debug|Any CPU.ActiveCfg = Debug|Any CPU
		{E8489996-C1C8-4657-B8FB-826D60959215}.Debug|Any CPU.Build.0 = Debug|Any CPU
		{E8489996-C1C8-4657-B8FB-826D60959215}.Release|Any CPU.ActiveCfg = Release|Any CPU
		{E8489996-C1C8-4657-B8FB-826D60959215}.Release|Any CPU.Build.0 = Release|Any CPU
		{1FD773BB-D215-466E-871F-00A6E283F5A8}.Debug|Any CPU.ActiveCfg = Debug|Any CPU
		{1FD773BB-D215-466E-871F-00A6E283F5A8}.Debug|Any CPU.Build.0 = Debug|Any CPU
		{1FD773BB-D215-466E-871F-00A6E283F5A8}.Release|Any CPU.ActiveCfg = Release|Any CPU
		{1FD773BB-D215-466E-871F-00A6E283F5A8}.Release|Any CPU.Build.0 = Release|Any CPU
		{CD43A428-F67E-4F2E-90D4-F8DF6D7847A5}.Debug|Any CPU.ActiveCfg = Debug|Any CPU
		{CD43A428-F67E-4F2E-90D4-F8DF6D7847A5}.Debug|Any CPU.Build.0 = Debug|Any CPU
		{CD43A428-F67E-4F2E-90D4-F8DF6D7847A5}.Release|Any CPU.ActiveCfg = Release|Any CPU
		{CD43A428-F67E-4F2E-90D4-F8DF6D7847A5}.Release|Any CPU.Build.0 = Release|Any CPU
	EndGlobalSection
	GlobalSection(SolutionProperties) = preSolution
		HideSolutionNode = FALSE
	EndGlobalSection
	GlobalSection(NestedProjects) = preSolution
		{F8B0F44B-AEA6-4124-92BA-1F9E3755263D} = {CB539D1C-D1E1-40BC-8A7F-51ABA0C26B20}
		{806F66F1-E77D-4317-B8F0-691A7CB481D3} = {CB539D1C-D1E1-40BC-8A7F-51ABA0C26B20}
		{14CF49F8-864F-4C18-BD38-97AEC360B2E0} = {CB539D1C-D1E1-40BC-8A7F-51ABA0C26B20}
		{B19C260E-F44C-41BC-8555-9A5FF56E5C4F} = {CB539D1C-D1E1-40BC-8A7F-51ABA0C26B20}
		{BF78E4C6-E7C8-4DD5-B0C8-CDB308627D31} = {CB539D1C-D1E1-40BC-8A7F-51ABA0C26B20}
		{E8489996-C1C8-4657-B8FB-826D60959215} = {CB539D1C-D1E1-40BC-8A7F-51ABA0C26B20}
		{1FD773BB-D215-466E-871F-00A6E283F5A8} = {CB539D1C-D1E1-40BC-8A7F-51ABA0C26B20}
		{CD43A428-F67E-4F2E-90D4-F8DF6D7847A5} = {641DB782-DFEB-47C4-A2B2-2439583BC681}
	EndGlobalSection
	GlobalSection(ExtensibilityGlobals) = postSolution
		SolutionGuid = {00CECD9D-83CE-42A9-A79E-5D1EE36AE13F}
	EndGlobalSection
EndGlobal
